
Microsoft Visual Studio Solution File, Format Version 12.00
# Visual Studio Version 16
VisualStudioVersion = 16.0.30011.22
MinimumVisualStudioVersion = 10.0.40219.1
Project("{FAE04EC0-301F-11D3-BF4B-00C04F79EFBC}") = "SVOffice", "SVOffice.csproj", "{91157FA2-D656-452C-9B98-FA2530095806}"
EndProject
Global
	GlobalSection(SolutionConfigurationPlatforms) = preSolution
		Debug|Any CPU = Debug|Any CPU
		Release|Any CPU = Release|Any CPU
	EndGlobalSection
	GlobalSection(ProjectConfigurationPlatforms) = postSolution
		{91157FA2-D656-452C-9B98-FA2530095806}.Debug|Any CPU.ActiveCfg = Debug|Any CPU
		{91157FA2-D656-452C-9B98-FA2530095806}.Debug|Any CPU.Build.0 = Debug|Any CPU
		{91157FA2-D656-452C-9B98-FA2530095806}.Release|Any CPU.ActiveCfg = Release|Any CPU
		{91157FA2-D656-452C-9B98-FA2530095806}.Release|Any CPU.Build.0 = Release|Any CPU
	EndGlobalSection
	GlobalSection(SolutionProperties) = preSolution
		HideSolutionNode = FALSE
	EndGlobalSection
	GlobalSection(ExtensibilityGlobals) = postSolution
		SolutionGuid = {036B226F-EADA-4ACC-9C18-59555452F0FB}
	EndGlobalSection
EndGlobal
